
Microsoft Visual Studio Solution File, Format Version 12.00
# Visual Studio Version 17
VisualStudioVersion = 17.3.32922.545
MinimumVisualStudioVersion = 10.0.40219.1
Project("{FAE04EC0-301F-11D3-BF4B-00C04F79EFBC}") = "HomeWork_8", "HomeWork_8.csproj", "{CDF8AF8B-C4A6-46EB-8A7C-AD3F8C6CD9EE}"
EndProject
Global
	GlobalSection(SolutionConfigurationPlatforms) = preSolution
		Debug|Any CPU = Debug|Any CPU
		Release|Any CPU = Release|Any CPU
	EndGlobalSection
	GlobalSection(ProjectConfigurationPlatforms) = postSolution
		{CDF8AF8B-C4A6-46EB-8A7C-AD3F8C6CD9EE}.Debug|Any CPU.ActiveCfg = Debug|Any CPU
		{CDF8AF8B-C4A6-46EB-8A7C-AD3F8C6CD9EE}.Debug|Any CPU.Build.0 = Debug|Any CPU
		{CDF8AF8B-C4A6-46EB-8A7C-AD3F8C6CD9EE}.Release|Any CPU.ActiveCfg = Release|Any CPU
		{CDF8AF8B-C4A6-46EB-8A7C-AD3F8C6CD9EE}.Release|Any CPU.Build.0 = Release|Any CPU
	EndGlobalSection
	GlobalSection(SolutionProperties) = preSolution
		HideSolutionNode = FALSE
	EndGlobalSection
	GlobalSection(ExtensibilityGlobals) = postSolution
		SolutionGuid = {3B17B0CB-5D9B-4ED6-8385-4C87432E751C}
	EndGlobalSection
EndGlobal
