
Microsoft Visual Studio Solution File, Format Version 12.00
# Visual Studio Version 17
VisualStudioVersion = 17.3.32929.385
MinimumVisualStudioVersion = 10.0.40219.1
Project("{FAE04EC0-301F-11D3-BF4B-00C04F79EFBC}") = "HomeWork_13", "HomeWork_13.csproj", "{CFD876CF-ED11-4536-81BC-454065FC795F}"
EndProject
Global
	GlobalSection(SolutionConfigurationPlatforms) = preSolution
		Debug|Any CPU = Debug|Any CPU
		Release|Any CPU = Release|Any CPU
	EndGlobalSection
	GlobalSection(ProjectConfigurationPlatforms) = postSolution
		{CFD876CF-ED11-4536-81BC-454065FC795F}.Debug|Any CPU.ActiveCfg = Debug|Any CPU
		{CFD876CF-ED11-4536-81BC-454065FC795F}.Debug|Any CPU.Build.0 = Debug|Any CPU
		{CFD876CF-ED11-4536-81BC-454065FC795F}.Release|Any CPU.ActiveCfg = Release|Any CPU
		{CFD876CF-ED11-4536-81BC-454065FC795F}.Release|Any CPU.Build.0 = Release|Any CPU
	EndGlobalSection
	GlobalSection(SolutionProperties) = preSolution
		HideSolutionNode = FALSE
	EndGlobalSection
	GlobalSection(ExtensibilityGlobals) = postSolution
		SolutionGuid = {A0B8A77D-172D-405D-A0D9-5C30F85119D6}
	EndGlobalSection
EndGlobal
