
Microsoft Visual Studio Solution File, Format Version 12.00
# Visual Studio Version 17
VisualStudioVersion = 17.3.32929.385
MinimumVisualStudioVersion = 10.0.40219.1
Project("{FAE04EC0-301F-11D3-BF4B-00C04F79EFBC}") = "HomeWork_16", "HomeWork_16.csproj", "{B8D9FBBF-A8EE-4052-9587-42E1551D6300}"
EndProject
Global
	GlobalSection(SolutionConfigurationPlatforms) = preSolution
		Debug|Any CPU = Debug|Any CPU
		Release|Any CPU = Release|Any CPU
	EndGlobalSection
	GlobalSection(ProjectConfigurationPlatforms) = postSolution
		{B8D9FBBF-A8EE-4052-9587-42E1551D6300}.Debug|Any CPU.ActiveCfg = Debug|Any CPU
		{B8D9FBBF-A8EE-4052-9587-42E1551D6300}.Debug|Any CPU.Build.0 = Debug|Any CPU
		{B8D9FBBF-A8EE-4052-9587-42E1551D6300}.Release|Any CPU.ActiveCfg = Release|Any CPU
		{B8D9FBBF-A8EE-4052-9587-42E1551D6300}.Release|Any CPU.Build.0 = Release|Any CPU
	EndGlobalSection
	GlobalSection(SolutionProperties) = preSolution
		HideSolutionNode = FALSE
	EndGlobalSection
	GlobalSection(ExtensibilityGlobals) = postSolution
		SolutionGuid = {90319027-817F-4847-BC01-39091A4516AD}
	EndGlobalSection
EndGlobal
